
Microsoft Visual Studio Solution File, Format Version 12.00
# Visual Studio Version 17
VisualStudioVersion = 17.0.32112.339
MinimumVisualStudioVersion = 10.0.40219.1
Project("{FAE04EC0-301F-11D3-BF4B-00C04F79EFBC}") = "WorkingWIthGit2", "WorkingWIthGit2\WorkingWIthGit2.csproj", "{3B9731CF-FEEE-4300-869A-D06CAB7E569F}"
EndProject
Global
	GlobalSection(SolutionConfigurationPlatforms) = preSolution
		Debug|Any CPU = Debug|Any CPU
		Release|Any CPU = Release|Any CPU
	EndGlobalSection
	GlobalSection(ProjectConfigurationPlatforms) = postSolution
		{3B9731CF-FEEE-4300-869A-D06CAB7E569F}.Debug|Any CPU.ActiveCfg = Debug|Any CPU
		{3B9731CF-FEEE-4300-869A-D06CAB7E569F}.Debug|Any CPU.Build.0 = Debug|Any CPU
		{3B9731CF-FEEE-4300-869A-D06CAB7E569F}.Release|Any CPU.ActiveCfg = Release|Any CPU
		{3B9731CF-FEEE-4300-869A-D06CAB7E569F}.Release|Any CPU.Build.0 = Release|Any CPU
	EndGlobalSection
	GlobalSection(SolutionProperties) = preSolution
		HideSolutionNode = FALSE
	EndGlobalSection
	GlobalSection(ExtensibilityGlobals) = postSolution
		SolutionGuid = {08EBD0E1-44EF-4967-97AD-835071E7C446}
	EndGlobalSection
EndGlobal
